
Microsoft Visual Studio Solution File, Format Version 12.00
# Visual Studio 2013
VisualStudioVersion = 12.0.30501.0
MinimumVisualStudioVersion = 10.0.40219.1
Project("{888888A0-9F3D-457C-B088-3A5042F75D52}") = "研电赛_车辆后方辅助系统", "研电赛_车辆后方辅助系统\研电赛_车辆后方辅助系统.pyproj", "{9B372972-ED2C-4C88-92F7-080DA63FE748}"
EndProject
Global
	GlobalSection(SolutionConfigurationPlatforms) = preSolution
		Debug|Any CPU = Debug|Any CPU
		Release|Any CPU = Release|Any CPU
	EndGlobalSection
	GlobalSection(ProjectConfigurationPlatforms) = postSolution
		{9B372972-ED2C-4C88-92F7-080DA63FE748}.Debug|Any CPU.ActiveCfg = Debug|Any CPU
		{9B372972-ED2C-4C88-92F7-080DA63FE748}.Release|Any CPU.ActiveCfg = Release|Any CPU
	EndGlobalSection
	GlobalSection(SolutionProperties) = preSolution
		HideSolutionNode = FALSE
	EndGlobalSection
EndGlobal
