
Microsoft Visual Studio Solution File, Format Version 12.00
# Visual Studio 2013
VisualStudioVersion = 12.0.30501.0
MinimumVisualStudioVersion = 10.0.40219.1
Project("{888888A0-9F3D-457C-B088-3A5042F75D52}") = "多传感器数据融合作业", "多传感器数据融合作业\多传感器数据融合作业.pyproj", "{3A3CCCE3-6722-4BBF-8738-C99693264A9A}"
EndProject
Global
	GlobalSection(SolutionConfigurationPlatforms) = preSolution
		Debug|Any CPU = Debug|Any CPU
		Release|Any CPU = Release|Any CPU
	EndGlobalSection
	GlobalSection(ProjectConfigurationPlatforms) = postSolution
		{3A3CCCE3-6722-4BBF-8738-C99693264A9A}.Debug|Any CPU.ActiveCfg = Debug|Any CPU
		{3A3CCCE3-6722-4BBF-8738-C99693264A9A}.Release|Any CPU.ActiveCfg = Release|Any CPU
	EndGlobalSection
	GlobalSection(SolutionProperties) = preSolution
		HideSolutionNode = FALSE
	EndGlobalSection
EndGlobal
